
Microsoft Visual Studio Solution File, Format Version 12.00
# Visual Studio Version 17
VisualStudioVersion = 17.5.002.0
MinimumVisualStudioVersion = 10.0.40219.1
Project("{9A19103F-16F7-4668-BE54-9A1E7A4F7556}") = "PaymentService", "PaymentService.csproj", "{F6BCD12F-40C6-4AE0-A03C-0E0C18240523}"
EndProject
Global
	GlobalSection(SolutionConfigurationPlatforms) = preSolution
		Debug|Any CPU = Debug|Any CPU
		Release|Any CPU = Release|Any CPU
	EndGlobalSection
	GlobalSection(ProjectConfigurationPlatforms) = postSolution
		{F6BCD12F-40C6-4AE0-A03C-0E0C18240523}.Debug|Any CPU.ActiveCfg = Debug|Any CPU
		{F6BCD12F-40C6-4AE0-A03C-0E0C18240523}.Debug|Any CPU.Build.0 = Debug|Any CPU
		{F6BCD12F-40C6-4AE0-A03C-0E0C18240523}.Release|Any CPU.ActiveCfg = Release|Any CPU
		{F6BCD12F-40C6-4AE0-A03C-0E0C18240523}.Release|Any CPU.Build.0 = Release|Any CPU
	EndGlobalSection
	GlobalSection(SolutionProperties) = preSolution
		HideSolutionNode = FALSE
	EndGlobalSection
	GlobalSection(ExtensibilityGlobals) = postSolution
		SolutionGuid = {6AF45020-F387-43C1-B803-3462BA442E4E}
	EndGlobalSection
EndGlobal
